
Microsoft Visual Studio Solution File, Format Version 12.00
# Visual Studio Version 17
VisualStudioVersion = 17.14.36401.2 d17.14
MinimumVisualStudioVersion = 10.0.40219.1
Project("{FAE04EC0-301F-11D3-BF4B-00C04F79EFBC}") = "MyMicroservice", "MyMicroservice.csproj", "{38BC9434-4521-424E-B233-1406884756E6}"
EndProject
Global
	GlobalSection(SolutionConfigurationPlatforms) = preSolution
		Debug|Any CPU = Debug|Any CPU
		Release|Any CPU = Release|Any CPU
	EndGlobalSection
	GlobalSection(ProjectConfigurationPlatforms) = postSolution
		{38BC9434-4521-424E-B233-1406884756E6}.Debug|Any CPU.ActiveCfg = Debug|Any CPU
		{38BC9434-4521-424E-B233-1406884756E6}.Debug|Any CPU.Build.0 = Debug|Any CPU
		{38BC9434-4521-424E-B233-1406884756E6}.Release|Any CPU.ActiveCfg = Release|Any CPU
		{38BC9434-4521-424E-B233-1406884756E6}.Release|Any CPU.Build.0 = Release|Any CPU
	EndGlobalSection
	GlobalSection(SolutionProperties) = preSolution
		HideSolutionNode = FALSE
	EndGlobalSection
	GlobalSection(ExtensibilityGlobals) = postSolution
		SolutionGuid = {0C9BADE5-32FA-40D5-8D3D-603C7F1D0463}
	EndGlobalSection
EndGlobal
